
Microsoft Visual Studio Solution File, Format Version 12.00
# Visual Studio Version 17
VisualStudioVersion = 17.8.34330.188
MinimumVisualStudioVersion = 10.0.40219.1
Project("{9A19103F-16F7-4668-BE54-9A1E7A4F7556}") = "GESTCAT.API", "GESTCAT.API\GESTCAT.API.csproj", "{1477E72A-4C2E-4738-A22D-F49F9EBEF577}"
EndProject
Project("{9A19103F-16F7-4668-BE54-9A1E7A4F7556}") = "GESTCAT.APPLICATION", "GESTCAT.APPLICATION\GESTCAT.APPLICATION.csproj", "{D16EC50B-ABA8-4161-9B94-F4C38D921500}"
EndProject
Project("{9A19103F-16F7-4668-BE54-9A1E7A4F7556}") = "GESTCAT.DOMAIN", "GESTCAT.DOMAIN\GESTCAT.DOMAIN.csproj", "{1A648E7E-69FA-4C1D-B69D-4FBADD6ADB8A}"
EndProject
Project("{9A19103F-16F7-4668-BE54-9A1E7A4F7556}") = "GESTCAT.INFRASTRUCTURE", "GESTCAT.INFRASTRUCTURE\GESTCAT.INFRASTRUCTURE.csproj", "{2AE2DA24-47C4-4876-89BB-72F126601926}"
EndProject
Project("{FAE04EC0-301F-11D3-BF4B-00C04F79EFBC}") = "GestCAT.ApiGateway", "GestCAT.ApiGateway\GestCAT.ApiGateway.csproj", "{79076CB3-6F14-4C3E-89C8-CA19402FF11C}"
EndProject
Global
	GlobalSection(SolutionConfigurationPlatforms) = preSolution
		Debug|Any CPU = Debug|Any CPU
		Release|Any CPU = Release|Any CPU
	EndGlobalSection
	GlobalSection(ProjectConfigurationPlatforms) = postSolution
		{1477E72A-4C2E-4738-A22D-F49F9EBEF577}.Debug|Any CPU.ActiveCfg = Debug|Any CPU
		{1477E72A-4C2E-4738-A22D-F49F9EBEF577}.Debug|Any CPU.Build.0 = Debug|Any CPU
		{1477E72A-4C2E-4738-A22D-F49F9EBEF577}.Release|Any CPU.ActiveCfg = Release|Any CPU
		{1477E72A-4C2E-4738-A22D-F49F9EBEF577}.Release|Any CPU.Build.0 = Release|Any CPU
		{D16EC50B-ABA8-4161-9B94-F4C38D921500}.Debug|Any CPU.ActiveCfg = Debug|Any CPU
		{D16EC50B-ABA8-4161-9B94-F4C38D921500}.Debug|Any CPU.Build.0 = Debug|Any CPU
		{D16EC50B-ABA8-4161-9B94-F4C38D921500}.Release|Any CPU.ActiveCfg = Release|Any CPU
		{D16EC50B-ABA8-4161-9B94-F4C38D921500}.Release|Any CPU.Build.0 = Release|Any CPU
		{1A648E7E-69FA-4C1D-B69D-4FBADD6ADB8A}.Debug|Any CPU.ActiveCfg = Debug|Any CPU
		{1A648E7E-69FA-4C1D-B69D-4FBADD6ADB8A}.Debug|Any CPU.Build.0 = Debug|Any CPU
		{1A648E7E-69FA-4C1D-B69D-4FBADD6ADB8A}.Release|Any CPU.ActiveCfg = Release|Any CPU
		{1A648E7E-69FA-4C1D-B69D-4FBADD6ADB8A}.Release|Any CPU.Build.0 = Release|Any CPU
		{2AE2DA24-47C4-4876-89BB-72F126601926}.Debug|Any CPU.ActiveCfg = Debug|Any CPU
		{2AE2DA24-47C4-4876-89BB-72F126601926}.Debug|Any CPU.Build.0 = Debug|Any CPU
		{2AE2DA24-47C4-4876-89BB-72F126601926}.Release|Any CPU.ActiveCfg = Release|Any CPU
		{2AE2DA24-47C4-4876-89BB-72F126601926}.Release|Any CPU.Build.0 = Release|Any CPU
		{79076CB3-6F14-4C3E-89C8-CA19402FF11C}.Debug|Any CPU.ActiveCfg = Debug|Any CPU
		{79076CB3-6F14-4C3E-89C8-CA19402FF11C}.Debug|Any CPU.Build.0 = Debug|Any CPU
		{79076CB3-6F14-4C3E-89C8-CA19402FF11C}.Release|Any CPU.ActiveCfg = Release|Any CPU
		{79076CB3-6F14-4C3E-89C8-CA19402FF11C}.Release|Any CPU.Build.0 = Release|Any CPU
	EndGlobalSection
	GlobalSection(SolutionProperties) = preSolution
		HideSolutionNode = FALSE
	EndGlobalSection
	GlobalSection(ExtensibilityGlobals) = postSolution
		SolutionGuid = {CB637B2E-E1A8-4319-A37E-DD6B90F910EE}
	EndGlobalSection
EndGlobal
